
Microsoft Visual Studio Solution File, Format Version 12.00
# Visual Studio Version 17
VisualStudioVersion = 17.2.32526.322
MinimumVisualStudioVersion = 10.0.40219.1
Project("{FAE04EC0-301F-11D3-BF4B-00C04F79EFBC}") = "WebService", "WebService\WebService.csproj", "{03887040-E0CE-461A-886E-A03C126C9E24}"
EndProject
Global
	GlobalSection(SolutionConfigurationPlatforms) = preSolution
		Debug|Any CPU = Debug|Any CPU
		Release|Any CPU = Release|Any CPU
	EndGlobalSection
	GlobalSection(ProjectConfigurationPlatforms) = postSolution
		{03887040-E0CE-461A-886E-A03C126C9E24}.Debug|Any CPU.ActiveCfg = Debug|Any CPU
		{03887040-E0CE-461A-886E-A03C126C9E24}.Debug|Any CPU.Build.0 = Debug|Any CPU
		{03887040-E0CE-461A-886E-A03C126C9E24}.Release|Any CPU.ActiveCfg = Release|Any CPU
		{03887040-E0CE-461A-886E-A03C126C9E24}.Release|Any CPU.Build.0 = Release|Any CPU
	EndGlobalSection
	GlobalSection(SolutionProperties) = preSolution
		HideSolutionNode = FALSE
	EndGlobalSection
	GlobalSection(ExtensibilityGlobals) = postSolution
		SolutionGuid = {F7BE836F-A46F-479D-9996-95E3F9799B0F}
	EndGlobalSection
EndGlobal
